schema: '2.0'
stages:
  load_data:
    cmd: python -m src.data_loading.load_data
    deps:
    - path: src/data_loading/load_data.py
      hash: md5
      md5: 88dba07cbcbcfd8ead8b1ccf2fd51159
      size: 1433
    outs:
    - path: data/raw/raw.csv
      hash: md5
      md5: d51a47d95071c99992f20b767993516c
      size: 116187
  preprocess_data:
    cmd: python -m src.data_preprocessing.preprocess_data
    deps:
    - path: data/raw/raw.csv
      hash: md5
      md5: d51a47d95071c99992f20b767993516c
      size: 116187
    - path: src/data_preprocessing/preprocess_data.py
      hash: md5
      md5: 727f22f9650a9dfb2b1a217912d46034
      size: 3993
    params:
      params.yaml:
        preprocess_data.random_seed: 42
        preprocess_data.test_size: 0.2
    outs:
    - path: artifacts/[features]_mean_imputer.joblib
      hash: md5
      md5: f989553610886c3ddea72291897484ae
      size: 1511
    - path: data/preprocessed/test_preprocessed.csv
      hash: md5
      md5: 222087bd9562a8708a28d2e7ef9a2ebd
      size: 26920
    - path: data/preprocessed/train_preprocessed.csv
      hash: md5
      md5: 1bea7b17ac0da5a2942a2841720278f5
      size: 105735
  engineer_features:
    cmd: python -m src.feature_engineering.engineer_features
    deps:
    - path: data/preprocessed/test_preprocessed.csv
      hash: md5
      md5: 222087bd9562a8708a28d2e7ef9a2ebd
      size: 26920
    - path: data/preprocessed/train_preprocessed.csv
      hash: md5
      md5: 1bea7b17ac0da5a2942a2841720278f5
      size: 105735
    - path: src/feature_engineering/engineer_features.py
      hash: md5
      md5: f8446b81a185b5c5d4b06fd60a3b9b9f
      size: 3052
    outs:
    - path: artifacts/[features]_scaler.joblib
      hash: md5
      md5: b80c0b63ed98ab3d3e74769fb4c60cb5
      size: 2135
    - path: data/processed/test_processed.csv
      hash: md5
      md5: c934aa1b549f066f8b510d9e9da05ba7
      size: 67776
    - path: data/processed/train_processed.csv
      hash: md5
      md5: b8384c36b95b1abef5248f78141c1f9d
      size: 268568
  train:
    cmd: python -m src.model_training.train_model
    deps:
    - path: data/processed/train_processed.csv
      hash: md5
      md5: b8384c36b95b1abef5248f78141c1f9d
      size: 268568
    - path: src/model_training/train_model.py
      hash: md5
      md5: 16882d4d228f2794f649f09e0a9c36fc
      size: 5302
    params:
      params.yaml:
        train.batch_size: 16
        train.dropout_rate: 0.3
        train.epochs: 100
        train.hidden_layer_1_neurons: 64
        train.hidden_layer_2_neurons: 32
        train.learning_rate: 0.001
    outs:
    - path: artifacts/[target]_one_hot_encoder.joblib
      hash: md5
      md5: 9c68e41a114fdb0985121e8d89f055bc
      size: 617
    - path: metrics/training.json
      hash: md5
      md5: 98f4793a62f295eb8650b7bec586ea88
      size: 142
    - path: models/model.keras
      hash: md5
      md5: dfa25a53335da308d05f77b9d607470a
      size: 79515
  evaluate:
    cmd: python -m src.model_evaluation.evaluate_model
    deps:
    - path: artifacts/[target]_one_hot_encoder.joblib
      hash: md5
      md5: 9c68e41a114fdb0985121e8d89f055bc
      size: 617
    - path: data/processed/test_processed.csv
      hash: md5
      md5: c934aa1b549f066f8b510d9e9da05ba7
      size: 67776
    - path: models/model.keras
      hash: md5
      md5: dfa25a53335da308d05f77b9d607470a
      size: 79515
    - path: src/model_evaluation/evaluate_model.py
      hash: md5
      md5: 1300021eeca5193c758efb74cfff4814
      size: 2514
    outs:
    - path: metrics/evaluation.json
      hash: md5
      md5: 0c216ae4e24b4b21559ae1db6ef4df43
      size: 791
